# This file is automatically @generated by Poetry 1.4.2 and should not be changed by hand.

[[package]]
name = "files"
version = "1.0.0"
description = ""
category = "main"
optional = false
python-versions = "*"
files = []
develop = true

[package.source]
type = "directory"
url = "utils/package"

[metadata]
lock-version = "2.0"
python-versions = "^3.10"
content-hash = "b0e5504bd04a65ad00b476c6ce2003fe53fefee57f5ba47f88bd500f65a1c40d"
